
Microsoft Visual Studio Solution File, Format Version 12.00
# Visual Studio 15

Project("{FAE04EC0-301F-11D3-BF4B-00C04F79EFBC}") = "UniTask", "UniTask.csproj", "{EA0D4281-62D6-F05D-478B-1322A8B6A2FC}"
EndProject
Project("{FAE04EC0-301F-11D3-BF4B-00C04F79EFBC}") = "sc.posteffects.runtime", "sc.posteffects.runtime.csproj", "{0B82610D-D3EB-47CF-E540-208F2BFAFB94}"
EndProject
Project("{FAE04EC0-301F-11D3-BF4B-00C04F79EFBC}") = "UniRx", "UniRx.csproj", "{E8BE49A4-6F35-CD96-6374-E7559A554FF0}"
EndProject
Project("{FAE04EC0-301F-11D3-BF4B-00C04F79EFBC}") = "MessagePack", "MessagePack.csproj", "{7020E548-2549-DDAA-DE06-A1A39AFEE7A2}"
EndProject
Project("{FAE04EC0-301F-11D3-BF4B-00C04F79EFBC}") = "DOTweenPro.Scripts", "DOTweenPro.Scripts.csproj", "{1546156C-9167-6DE6-9EBE-B7038FC899E2}"
EndProject
Project("{FAE04EC0-301F-11D3-BF4B-00C04F79EFBC}") = "UniTask.Linq", "UniTask.Linq.csproj", "{70353BF8-D4FA-7E23-C53E-BF18503B5D97}"
EndProject
Project("{FAE04EC0-301F-11D3-BF4B-00C04F79EFBC}") = "Assembly-CSharp", "Assembly-CSharp.csproj", "{9A707625-467C-D0CE-565D-7830602A5F02}"
EndProject
Project("{FAE04EC0-301F-11D3-BF4B-00C04F79EFBC}") = "MemoryPack", "MemoryPack.csproj", "{856DDCAB-D808-8421-5323-290FAFEA1176}"
EndProject
Project("{FAE04EC0-301F-11D3-BF4B-00C04F79EFBC}") = "MagicOnion.Unity", "MagicOnion.Unity.csproj", "{06C57FD8-6E51-C466-61D0-581216F71AEE}"
EndProject
Project("{FAE04EC0-301F-11D3-BF4B-00C04F79EFBC}") = "MagicOnion.Client", "MagicOnion.Client.csproj", "{AEA1FF6E-7FCC-BCBB-AA1E-E3B0F770D12A}"
EndProject
Project("{FAE04EC0-301F-11D3-BF4B-00C04F79EFBC}") = "MagicOnion.Abstractions", "MagicOnion.Abstractions.csproj", "{4383EE1F-50BC-3857-F6B6-B3D340185A51}"
EndProject
Project("{FAE04EC0-301F-11D3-BF4B-00C04F79EFBC}") = "UniTask.DOTween", "UniTask.DOTween.csproj", "{E60E218F-F505-9000-23DE-048CFD72E6A7}"
EndProject
Project("{FAE04EC0-301F-11D3-BF4B-00C04F79EFBC}") = "DOTween.Modules", "DOTween.Modules.csproj", "{3C074FCC-990B-C2BA-E508-C629A7EA1FEE}"
EndProject
Project("{FAE04EC0-301F-11D3-BF4B-00C04F79EFBC}") = "UniTask.TextMeshPro", "UniTask.TextMeshPro.csproj", "{AD1C4DB3-C36C-2247-E16E-ACCE3EC8B17C}"
EndProject
Project("{FAE04EC0-301F-11D3-BF4B-00C04F79EFBC}") = "MessagePack.Annotations", "MessagePack.Annotations.csproj", "{78926559-3975-D7E6-69B7-0BB4402D5895}"
EndProject
Project("{FAE04EC0-301F-11D3-BF4B-00C04F79EFBC}") = "Ulid", "Ulid.csproj", "{CA35F024-5622-547E-36B3-0B06B10B62CE}"
EndProject
Project("{FAE04EC0-301F-11D3-BF4B-00C04F79EFBC}") = "MagicOnion.Serialization.MemoryPack", "MagicOnion.Serialization.MemoryPack.csproj", "{0AB6532B-7AB6-ADF8-4A88-45DB7CF75445}"
EndProject
Project("{FAE04EC0-301F-11D3-BF4B-00C04F79EFBC}") = "UniTask.Addressables", "UniTask.Addressables.csproj", "{5C8D44B8-974D-F2E3-96B6-9507DD75BEC1}"
EndProject
Project("{FAE04EC0-301F-11D3-BF4B-00C04F79EFBC}") = "Michsky.UI.Reach.Core", "Michsky.UI.Reach.Core.csproj", "{E416B3B4-ECD9-1447-13AC-058651568381}"
EndProject
Project("{FAE04EC0-301F-11D3-BF4B-00C04F79EFBC}") = "sc.posteffects.editor", "sc.posteffects.editor.csproj", "{279861DB-B312-72DF-BD51-309F06BED143}"
EndProject
Project("{FAE04EC0-301F-11D3-BF4B-00C04F79EFBC}") = "UniTask.Editor", "UniTask.Editor.csproj", "{0FB5AE57-8741-17D2-14EE-BB01A3989F63}"
EndProject
Project("{FAE04EC0-301F-11D3-BF4B-00C04F79EFBC}") = "Assembly-CSharp-Editor", "Assembly-CSharp-Editor.csproj", "{8EE335B6-4261-CEE6-456D-81B006185DE9}"
EndProject
Project("{FAE04EC0-301F-11D3-BF4B-00C04F79EFBC}") = "DOTweenPro.EditorScripts", "DOTweenPro.EditorScripts.csproj", "{118A16FA-C07F-52A2-FA78-1DF053EB5D08}"
EndProject
Project("{FAE04EC0-301F-11D3-BF4B-00C04F79EFBC}") = "MagicOnion.Unity.Editor", "MagicOnion.Unity.Editor.csproj", "{508DC4A2-FCFB-9102-9F08-BF38350EB6C3}"
EndProject
Project("{FAE04EC0-301F-11D3-BF4B-00C04F79EFBC}") = "Michsky.UI.Reach.Editor", "Michsky.UI.Reach.Editor.csproj", "{6D6A7EF7-8B89-FB17-3CB1-553A1D1DFC09}"
EndProject
Project("{2150E333-8FDC-42A3-9474-1A3956D46DE8}") = "AssemblyDefinitions", "AssemblyDefinitions", "{C4909EDB-060D-4AD1-AA47-685ACDF10BB2}"
EndProject
Project("{9A19103F-16F7-4668-BE54-9A1E7A4F7556}") = "Jane.Server", "..\Jane.Server\Jane.Server.csproj", "{795BD91B-99F2-456F-B609-EA32E5911722}"
EndProject
Global
	GlobalSection(SolutionConfigurationPlatforms) = preSolution
		Debug|Any CPU = Debug|Any CPU
		Release|Any CPU = Release|Any CPU
	EndGlobalSection
	GlobalSection(ProjectConfigurationPlatforms) = postSolution
		{EA0D4281-62D6-F05D-478B-1322A8B6A2FC}.Debug|Any CPU.ActiveCfg = Debug|Any CPU
		{EA0D4281-62D6-F05D-478B-1322A8B6A2FC}.Debug|Any CPU.Build.0 = Debug|Any CPU
		{EA0D4281-62D6-F05D-478B-1322A8B6A2FC}.Release|Any CPU.ActiveCfg = Release|Any CPU
		{EA0D4281-62D6-F05D-478B-1322A8B6A2FC}.Release|Any CPU.Build.0 = Release|Any CPU
		{0B82610D-D3EB-47CF-E540-208F2BFAFB94}.Debug|Any CPU.ActiveCfg = Debug|Any CPU
		{0B82610D-D3EB-47CF-E540-208F2BFAFB94}.Debug|Any CPU.Build.0 = Debug|Any CPU
		{0B82610D-D3EB-47CF-E540-208F2BFAFB94}.Release|Any CPU.ActiveCfg = Release|Any CPU
		{0B82610D-D3EB-47CF-E540-208F2BFAFB94}.Release|Any CPU.Build.0 = Release|Any CPU
		{E8BE49A4-6F35-CD96-6374-E7559A554FF0}.Debug|Any CPU.ActiveCfg = Debug|Any CPU
		{E8BE49A4-6F35-CD96-6374-E7559A554FF0}.Debug|Any CPU.Build.0 = Debug|Any CPU
		{E8BE49A4-6F35-CD96-6374-E7559A554FF0}.Release|Any CPU.ActiveCfg = Release|Any CPU
		{E8BE49A4-6F35-CD96-6374-E7559A554FF0}.Release|Any CPU.Build.0 = Release|Any CPU
		{7020E548-2549-DDAA-DE06-A1A39AFEE7A2}.Debug|Any CPU.ActiveCfg = Debug|Any CPU
		{7020E548-2549-DDAA-DE06-A1A39AFEE7A2}.Debug|Any CPU.Build.0 = Debug|Any CPU
		{7020E548-2549-DDAA-DE06-A1A39AFEE7A2}.Release|Any CPU.ActiveCfg = Release|Any CPU
		{7020E548-2549-DDAA-DE06-A1A39AFEE7A2}.Release|Any CPU.Build.0 = Release|Any CPU
		{1546156C-9167-6DE6-9EBE-B7038FC899E2}.Debug|Any CPU.ActiveCfg = Debug|Any CPU
		{1546156C-9167-6DE6-9EBE-B7038FC899E2}.Debug|Any CPU.Build.0 = Debug|Any CPU
		{1546156C-9167-6DE6-9EBE-B7038FC899E2}.Release|Any CPU.ActiveCfg = Release|Any CPU
		{1546156C-9167-6DE6-9EBE-B7038FC899E2}.Release|Any CPU.Build.0 = Release|Any CPU
		{70353BF8-D4FA-7E23-C53E-BF18503B5D97}.Debug|Any CPU.ActiveCfg = Debug|Any CPU
		{70353BF8-D4FA-7E23-C53E-BF18503B5D97}.Debug|Any CPU.Build.0 = Debug|Any CPU
		{70353BF8-D4FA-7E23-C53E-BF18503B5D97}.Release|Any CPU.ActiveCfg = Release|Any CPU
		{70353BF8-D4FA-7E23-C53E-BF18503B5D97}.Release|Any CPU.Build.0 = Release|Any CPU
		{9A707625-467C-D0CE-565D-7830602A5F02}.Debug|Any CPU.ActiveCfg = Debug|Any CPU
		{9A707625-467C-D0CE-565D-7830602A5F02}.Debug|Any CPU.Build.0 = Debug|Any CPU
		{9A707625-467C-D0CE-565D-7830602A5F02}.Release|Any CPU.ActiveCfg = Release|Any CPU
		{9A707625-467C-D0CE-565D-7830602A5F02}.Release|Any CPU.Build.0 = Release|Any CPU
		{856DDCAB-D808-8421-5323-290FAFEA1176}.Debug|Any CPU.ActiveCfg = Debug|Any CPU
		{856DDCAB-D808-8421-5323-290FAFEA1176}.Debug|Any CPU.Build.0 = Debug|Any CPU
		{856DDCAB-D808-8421-5323-290FAFEA1176}.Release|Any CPU.ActiveCfg = Release|Any CPU
		{856DDCAB-D808-8421-5323-290FAFEA1176}.Release|Any CPU.Build.0 = Release|Any CPU
		{06C57FD8-6E51-C466-61D0-581216F71AEE}.Debug|Any CPU.ActiveCfg = Debug|Any CPU
		{06C57FD8-6E51-C466-61D0-581216F71AEE}.Debug|Any CPU.Build.0 = Debug|Any CPU
		{06C57FD8-6E51-C466-61D0-581216F71AEE}.Release|Any CPU.ActiveCfg = Release|Any CPU
		{06C57FD8-6E51-C466-61D0-581216F71AEE}.Release|Any CPU.Build.0 = Release|Any CPU
		{AEA1FF6E-7FCC-BCBB-AA1E-E3B0F770D12A}.Debug|Any CPU.ActiveCfg = Debug|Any CPU
		{AEA1FF6E-7FCC-BCBB-AA1E-E3B0F770D12A}.Debug|Any CPU.Build.0 = Debug|Any CPU
		{AEA1FF6E-7FCC-BCBB-AA1E-E3B0F770D12A}.Release|Any CPU.ActiveCfg = Release|Any CPU
		{AEA1FF6E-7FCC-BCBB-AA1E-E3B0F770D12A}.Release|Any CPU.Build.0 = Release|Any CPU
		{4383EE1F-50BC-3857-F6B6-B3D340185A51}.Debug|Any CPU.ActiveCfg = Debug|Any CPU
		{4383EE1F-50BC-3857-F6B6-B3D340185A51}.Debug|Any CPU.Build.0 = Debug|Any CPU
		{4383EE1F-50BC-3857-F6B6-B3D340185A51}.Release|Any CPU.ActiveCfg = Release|Any CPU
		{4383EE1F-50BC-3857-F6B6-B3D340185A51}.Release|Any CPU.Build.0 = Release|Any CPU
		{E60E218F-F505-9000-23DE-048CFD72E6A7}.Debug|Any CPU.ActiveCfg = Debug|Any CPU
		{E60E218F-F505-9000-23DE-048CFD72E6A7}.Debug|Any CPU.Build.0 = Debug|Any CPU
		{E60E218F-F505-9000-23DE-048CFD72E6A7}.Release|Any CPU.ActiveCfg = Release|Any CPU
		{E60E218F-F505-9000-23DE-048CFD72E6A7}.Release|Any CPU.Build.0 = Release|Any CPU
		{3C074FCC-990B-C2BA-E508-C629A7EA1FEE}.Debug|Any CPU.ActiveCfg = Debug|Any CPU
		{3C074FCC-990B-C2BA-E508-C629A7EA1FEE}.Debug|Any CPU.Build.0 = Debug|Any CPU
		{3C074FCC-990B-C2BA-E508-C629A7EA1FEE}.Release|Any CPU.ActiveCfg = Release|Any CPU
		{3C074FCC-990B-C2BA-E508-C629A7EA1FEE}.Release|Any CPU.Build.0 = Release|Any CPU
		{AD1C4DB3-C36C-2247-E16E-ACCE3EC8B17C}.Debug|Any CPU.ActiveCfg = Debug|Any CPU
		{AD1C4DB3-C36C-2247-E16E-ACCE3EC8B17C}.Debug|Any CPU.Build.0 = Debug|Any CPU
		{AD1C4DB3-C36C-2247-E16E-ACCE3EC8B17C}.Release|Any CPU.ActiveCfg = Release|Any CPU
		{AD1C4DB3-C36C-2247-E16E-ACCE3EC8B17C}.Release|Any CPU.Build.0 = Release|Any CPU
		{78926559-3975-D7E6-69B7-0BB4402D5895}.Debug|Any CPU.ActiveCfg = Debug|Any CPU
		{78926559-3975-D7E6-69B7-0BB4402D5895}.Debug|Any CPU.Build.0 = Debug|Any CPU
		{78926559-3975-D7E6-69B7-0BB4402D5895}.Release|Any CPU.ActiveCfg = Release|Any CPU
		{78926559-3975-D7E6-69B7-0BB4402D5895}.Release|Any CPU.Build.0 = Release|Any CPU
		{CA35F024-5622-547E-36B3-0B06B10B62CE}.Debug|Any CPU.ActiveCfg = Debug|Any CPU
		{CA35F024-5622-547E-36B3-0B06B10B62CE}.Debug|Any CPU.Build.0 = Debug|Any CPU
		{CA35F024-5622-547E-36B3-0B06B10B62CE}.Release|Any CPU.ActiveCfg = Release|Any CPU
		{CA35F024-5622-547E-36B3-0B06B10B62CE}.Release|Any CPU.Build.0 = Release|Any CPU
		{0AB6532B-7AB6-ADF8-4A88-45DB7CF75445}.Debug|Any CPU.ActiveCfg = Debug|Any CPU
		{0AB6532B-7AB6-ADF8-4A88-45DB7CF75445}.Debug|Any CPU.Build.0 = Debug|Any CPU
		{0AB6532B-7AB6-ADF8-4A88-45DB7CF75445}.Release|Any CPU.ActiveCfg = Release|Any CPU
		{0AB6532B-7AB6-ADF8-4A88-45DB7CF75445}.Release|Any CPU.Build.0 = Release|Any CPU
		{5C8D44B8-974D-F2E3-96B6-9507DD75BEC1}.Debug|Any CPU.ActiveCfg = Debug|Any CPU
		{5C8D44B8-974D-F2E3-96B6-9507DD75BEC1}.Debug|Any CPU.Build.0 = Debug|Any CPU
		{5C8D44B8-974D-F2E3-96B6-9507DD75BEC1}.Release|Any CPU.ActiveCfg = Release|Any CPU
		{5C8D44B8-974D-F2E3-96B6-9507DD75BEC1}.Release|Any CPU.Build.0 = Release|Any CPU
		{E416B3B4-ECD9-1447-13AC-058651568381}.Debug|Any CPU.ActiveCfg = Debug|Any CPU
		{E416B3B4-ECD9-1447-13AC-058651568381}.Debug|Any CPU.Build.0 = Debug|Any CPU
		{E416B3B4-ECD9-1447-13AC-058651568381}.Release|Any CPU.ActiveCfg = Release|Any CPU
		{E416B3B4-ECD9-1447-13AC-058651568381}.Release|Any CPU.Build.0 = Release|Any CPU
		{279861DB-B312-72DF-BD51-309F06BED143}.Debug|Any CPU.ActiveCfg = Debug|Any CPU
		{279861DB-B312-72DF-BD51-309F06BED143}.Debug|Any CPU.Build.0 = Debug|Any CPU
		{279861DB-B312-72DF-BD51-309F06BED143}.Release|Any CPU.ActiveCfg = Release|Any CPU
		{279861DB-B312-72DF-BD51-309F06BED143}.Release|Any CPU.Build.0 = Release|Any CPU
		{0FB5AE57-8741-17D2-14EE-BB01A3989F63}.Debug|Any CPU.ActiveCfg = Debug|Any CPU
		{0FB5AE57-8741-17D2-14EE-BB01A3989F63}.Debug|Any CPU.Build.0 = Debug|Any CPU
		{0FB5AE57-8741-17D2-14EE-BB01A3989F63}.Release|Any CPU.ActiveCfg = Release|Any CPU
		{0FB5AE57-8741-17D2-14EE-BB01A3989F63}.Release|Any CPU.Build.0 = Release|Any CPU
		{8EE335B6-4261-CEE6-456D-81B006185DE9}.Debug|Any CPU.ActiveCfg = Debug|Any CPU
		{8EE335B6-4261-CEE6-456D-81B006185DE9}.Debug|Any CPU.Build.0 = Debug|Any CPU
		{8EE335B6-4261-CEE6-456D-81B006185DE9}.Release|Any CPU.ActiveCfg = Release|Any CPU
		{8EE335B6-4261-CEE6-456D-81B006185DE9}.Release|Any CPU.Build.0 = Release|Any CPU
		{118A16FA-C07F-52A2-FA78-1DF053EB5D08}.Debug|Any CPU.ActiveCfg = Debug|Any CPU
		{118A16FA-C07F-52A2-FA78-1DF053EB5D08}.Debug|Any CPU.Build.0 = Debug|Any CPU
		{118A16FA-C07F-52A2-FA78-1DF053EB5D08}.Release|Any CPU.ActiveCfg = Release|Any CPU
		{118A16FA-C07F-52A2-FA78-1DF053EB5D08}.Release|Any CPU.Build.0 = Release|Any CPU
		{508DC4A2-FCFB-9102-9F08-BF38350EB6C3}.Debug|Any CPU.ActiveCfg = Debug|Any CPU
		{508DC4A2-FCFB-9102-9F08-BF38350EB6C3}.Debug|Any CPU.Build.0 = Debug|Any CPU
		{508DC4A2-FCFB-9102-9F08-BF38350EB6C3}.Release|Any CPU.ActiveCfg = Release|Any CPU
		{508DC4A2-FCFB-9102-9F08-BF38350EB6C3}.Release|Any CPU.Build.0 = Release|Any CPU
		{6D6A7EF7-8B89-FB17-3CB1-553A1D1DFC09}.Debug|Any CPU.ActiveCfg = Debug|Any CPU
		{6D6A7EF7-8B89-FB17-3CB1-553A1D1DFC09}.Debug|Any CPU.Build.0 = Debug|Any CPU
		{6D6A7EF7-8B89-FB17-3CB1-553A1D1DFC09}.Release|Any CPU.ActiveCfg = Release|Any CPU
		{6D6A7EF7-8B89-FB17-3CB1-553A1D1DFC09}.Release|Any CPU.Build.0 = Release|Any CPU
		{795BD91B-99F2-456F-B609-EA32E5911722}.Debug|Any CPU.ActiveCfg = Debug|Any CPU
		{795BD91B-99F2-456F-B609-EA32E5911722}.Debug|Any CPU.Build.0 = Debug|Any CPU
		{795BD91B-99F2-456F-B609-EA32E5911722}.Release|Any CPU.ActiveCfg = Release|Any CPU
		{795BD91B-99F2-456F-B609-EA32E5911722}.Release|Any CPU.Build.0 = Release|Any CPU
	EndGlobalSection
	GlobalSection(SolutionProperties) = preSolution
		HideSolutionNode = FALSE
	EndGlobalSection
	GlobalSection(NestedProjects) = preSolution
		{EA0D4281-62D6-F05D-478B-1322A8B6A2FC} = {C4909EDB-060D-4AD1-AA47-685ACDF10BB2}
		{7020E548-2549-DDAA-DE06-A1A39AFEE7A2} = {C4909EDB-060D-4AD1-AA47-685ACDF10BB2}
		{70353BF8-D4FA-7E23-C53E-BF18503B5D97} = {C4909EDB-060D-4AD1-AA47-685ACDF10BB2}
		{856DDCAB-D808-8421-5323-290FAFEA1176} = {C4909EDB-060D-4AD1-AA47-685ACDF10BB2}
		{06C57FD8-6E51-C466-61D0-581216F71AEE} = {C4909EDB-060D-4AD1-AA47-685ACDF10BB2}
		{AEA1FF6E-7FCC-BCBB-AA1E-E3B0F770D12A} = {C4909EDB-060D-4AD1-AA47-685ACDF10BB2}
		{4383EE1F-50BC-3857-F6B6-B3D340185A51} = {C4909EDB-060D-4AD1-AA47-685ACDF10BB2}
		{E60E218F-F505-9000-23DE-048CFD72E6A7} = {C4909EDB-060D-4AD1-AA47-685ACDF10BB2}
		{AD1C4DB3-C36C-2247-E16E-ACCE3EC8B17C} = {C4909EDB-060D-4AD1-AA47-685ACDF10BB2}
		{78926559-3975-D7E6-69B7-0BB4402D5895} = {C4909EDB-060D-4AD1-AA47-685ACDF10BB2}
		{5C8D44B8-974D-F2E3-96B6-9507DD75BEC1} = {C4909EDB-060D-4AD1-AA47-685ACDF10BB2}
		{0FB5AE57-8741-17D2-14EE-BB01A3989F63} = {C4909EDB-060D-4AD1-AA47-685ACDF10BB2}
		{508DC4A2-FCFB-9102-9F08-BF38350EB6C3} = {C4909EDB-060D-4AD1-AA47-685ACDF10BB2}
		{0AB6532B-7AB6-ADF8-4A88-45DB7CF75445} = {C4909EDB-060D-4AD1-AA47-685ACDF10BB2}
		{CA35F024-5622-547E-36B3-0B06B10B62CE} = {C4909EDB-060D-4AD1-AA47-685ACDF10BB2}
		{E8BE49A4-6F35-CD96-6374-E7559A554FF0} = {C4909EDB-060D-4AD1-AA47-685ACDF10BB2}
		{3C074FCC-990B-C2BA-E508-C629A7EA1FEE} = {C4909EDB-060D-4AD1-AA47-685ACDF10BB2}
		{118A16FA-C07F-52A2-FA78-1DF053EB5D08} = {C4909EDB-060D-4AD1-AA47-685ACDF10BB2}
		{1546156C-9167-6DE6-9EBE-B7038FC899E2} = {C4909EDB-060D-4AD1-AA47-685ACDF10BB2}
		{279861DB-B312-72DF-BD51-309F06BED143} = {C4909EDB-060D-4AD1-AA47-685ACDF10BB2}
		{0B82610D-D3EB-47CF-E540-208F2BFAFB94} = {C4909EDB-060D-4AD1-AA47-685ACDF10BB2}
	EndGlobalSection
	GlobalSection(ExtensibilityGlobals) = postSolution
		SolutionGuid = {B9EF3871-A4C1-4850-91CC-7772EA938FA0}
	EndGlobalSection
EndGlobal
